
Microsoft Visual Studio Solution File, Format Version 12.00
# Visual Studio Version 17
VisualStudioVersion = 17.13.35919.96 d17.13
MinimumVisualStudioVersion = 10.0.40219.1
Project("{FAE04EC0-301F-11D3-BF4B-00C04F79EFBC}") = "GUI_PolyCafe", "TB01677_POLYCAFE\GUI_PolyCafe.csproj", "{E7CC0156-21D6-41B7-928F-5AD0B20B8442}"
EndProject
Project("{FAE04EC0-301F-11D3-BF4B-00C04F79EFBC}") = "DAL_PolyCafe", "DAL_PolyCafe\DAL_PolyCafe.csproj", "{5F112254-519E-4476-9412-E6FA0797F867}"
EndProject
Project("{FAE04EC0-301F-11D3-BF4B-00C04F79EFBC}") = "BLL_PolyCafe", "BLL_PolyCafe\BLL_PolyCafe.csproj", "{5986260A-2CA9-4A4B-A8BF-9C4D12013CC8}"
EndProject
Project("{FAE04EC0-301F-11D3-BF4B-00C04F79EFBC}") = "DTO_PolyCafe", "DTO_PolyCafe\DTO_PolyCafe.csproj", "{6A5BBAEA-E180-4BDD-BF7B-50BDB4280A5D}"
EndProject
Global
	GlobalSection(SolutionConfigurationPlatforms) = preSolution
		Debug|Any CPU = Debug|Any CPU
		Release|Any CPU = Release|Any CPU
	EndGlobalSection
	GlobalSection(ProjectConfigurationPlatforms) = postSolution
		{E7CC0156-21D6-41B7-928F-5AD0B20B8442}.Debug|Any CPU.ActiveCfg = Debug|Any CPU
		{E7CC0156-21D6-41B7-928F-5AD0B20B8442}.Debug|Any CPU.Build.0 = Debug|Any CPU
		{E7CC0156-21D6-41B7-928F-5AD0B20B8442}.Release|Any CPU.ActiveCfg = Release|Any CPU
		{E7CC0156-21D6-41B7-928F-5AD0B20B8442}.Release|Any CPU.Build.0 = Release|Any CPU
		{5F112254-519E-4476-9412-E6FA0797F867}.Debug|Any CPU.ActiveCfg = Debug|Any CPU
		{5F112254-519E-4476-9412-E6FA0797F867}.Debug|Any CPU.Build.0 = Debug|Any CPU
		{5F112254-519E-4476-9412-E6FA0797F867}.Release|Any CPU.ActiveCfg = Release|Any CPU
		{5F112254-519E-4476-9412-E6FA0797F867}.Release|Any CPU.Build.0 = Release|Any CPU
		{5986260A-2CA9-4A4B-A8BF-9C4D12013CC8}.Debug|Any CPU.ActiveCfg = Debug|Any CPU
		{5986260A-2CA9-4A4B-A8BF-9C4D12013CC8}.Debug|Any CPU.Build.0 = Debug|Any CPU
		{5986260A-2CA9-4A4B-A8BF-9C4D12013CC8}.Release|Any CPU.ActiveCfg = Release|Any CPU
		{5986260A-2CA9-4A4B-A8BF-9C4D12013CC8}.Release|Any CPU.Build.0 = Release|Any CPU
		{6A5BBAEA-E180-4BDD-BF7B-50BDB4280A5D}.Debug|Any CPU.ActiveCfg = Debug|Any CPU
		{6A5BBAEA-E180-4BDD-BF7B-50BDB4280A5D}.Debug|Any CPU.Build.0 = Debug|Any CPU
		{6A5BBAEA-E180-4BDD-BF7B-50BDB4280A5D}.Release|Any CPU.ActiveCfg = Release|Any CPU
		{6A5BBAEA-E180-4BDD-BF7B-50BDB4280A5D}.Release|Any CPU.Build.0 = Release|Any CPU
	EndGlobalSection
	GlobalSection(SolutionProperties) = preSolution
		HideSolutionNode = FALSE
	EndGlobalSection
	GlobalSection(ExtensibilityGlobals) = postSolution
		SolutionGuid = {C8663717-92A3-4EDA-806A-FB09C8BBBD79}
	EndGlobalSection
EndGlobal
